
Microsoft Visual Studio Solution File, Format Version 12.00
# Visual Studio 15
VisualStudioVersion = 15.0.28307.421
MinimumVisualStudioVersion = 10.0.40219.1
Project("{FAE04EC0-301F-11D3-BF4B-00C04F79EFBC}") = "EliotsPieShop.Android", "EliotsPieShop\EliotsPieShop.Android\EliotsPieShop.Android.csproj", "{4233294A-27CC-4240-AA11-1543AB3A3096}"
EndProject
Project("{FAE04EC0-301F-11D3-BF4B-00C04F79EFBC}") = "EliotsPieShop.iOS", "EliotsPieShop\EliotsPieShop.iOS\EliotsPieShop.iOS.csproj", "{839AF30D-BB50-40D7-B00E-DCCF9A6A9590}"
EndProject
Project("{FAE04EC0-301F-11D3-BF4B-00C04F79EFBC}") = "EliotsPieShop.UWP", "EliotsPieShop\EliotsPieShop.UWP\EliotsPieShop.UWP.csproj", "{C5C79FBB-27D4-4A09-AE2D-EA8FC17451CA}"
EndProject
Project("{FAE04EC0-301F-11D3-BF4B-00C04F79EFBC}") = "EliotsPieShop", "EliotsPieShop\EliotsPieShop\EliotsPieShop.csproj", "{A3825408-B553-4740-BFF1-2415EAB4EAF9}"
EndProject
Global
	GlobalSection(SolutionConfigurationPlatforms) = preSolution
		Ad-Hoc|Any CPU = Ad-Hoc|Any CPU
		Ad-Hoc|ARM = Ad-Hoc|ARM
		Ad-Hoc|iPhone = Ad-Hoc|iPhone
		Ad-Hoc|iPhoneSimulator = Ad-Hoc|iPhoneSimulator
		Ad-Hoc|x64 = Ad-Hoc|x64
		Ad-Hoc|x86 = Ad-Hoc|x86
		AppStore|Any CPU = AppStore|Any CPU
		AppStore|ARM = AppStore|ARM
		AppStore|iPhone = AppStore|iPhone
		AppStore|iPhoneSimulator = AppStore|iPhoneSimulator
		AppStore|x64 = AppStore|x64
		AppStore|x86 = AppStore|x86
		Debug|Any CPU = Debug|Any CPU
		Debug|ARM = Debug|ARM
		Debug|iPhone = Debug|iPhone
		Debug|iPhoneSimulator = Debug|iPhoneSimulator
		Debug|x64 = Debug|x64
		Debug|x86 = Debug|x86
		Release|Any CPU = Release|Any CPU
		Release|ARM = Release|ARM
		Release|iPhone = Release|iPhone
		Release|iPhoneSimulator = Release|iPhoneSimulator
		Release|x64 = Release|x64
		Release|x86 = Release|x86
	EndGlobalSection
	GlobalSection(ProjectConfigurationPlatforms) = postSolution
		{4233294A-27CC-4240-AA11-1543AB3A3096}.Ad-Hoc|Any CPU.ActiveCfg = Release|Any CPU
		{4233294A-27CC-4240-AA11-1543AB3A3096}.Ad-Hoc|Any CPU.Build.0 = Release|Any CPU
		{4233294A-27CC-4240-AA11-1543AB3A3096}.Ad-Hoc|Any CPU.Deploy.0 = Release|Any CPU
		{4233294A-27CC-4240-AA11-1543AB3A3096}.Ad-Hoc|ARM.ActiveCfg = Release|Any CPU
		{4233294A-27CC-4240-AA11-1543AB3A3096}.Ad-Hoc|ARM.Build.0 = Release|Any CPU
		{4233294A-27CC-4240-AA11-1543AB3A3096}.Ad-Hoc|ARM.Deploy.0 = Release|Any CPU
		{4233294A-27CC-4240-AA11-1543AB3A3096}.Ad-Hoc|iPhone.ActiveCfg = Release|Any CPU
		{4233294A-27CC-4240-AA11-1543AB3A3096}.Ad-Hoc|iPhone.Build.0 = Release|Any CPU
		{4233294A-27CC-4240-AA11-1543AB3A3096}.Ad-Hoc|iPhone.Deploy.0 = Release|Any CPU
		{4233294A-27CC-4240-AA11-1543AB3A3096}.Ad-Hoc|iPhoneSimulator.ActiveCfg = Release|Any CPU
		{4233294A-27CC-4240-AA11-1543AB3A3096}.Ad-Hoc|iPhoneSimulator.Build.0 = Release|Any CPU
		{4233294A-27CC-4240-AA11-1543AB3A3096}.Ad-Hoc|iPhoneSimulator.Deploy.0 = Release|Any CPU
		{4233294A-27CC-4240-AA11-1543AB3A3096}.Ad-Hoc|x64.ActiveCfg = Release|Any CPU
		{4233294A-27CC-4240-AA11-1543AB3A3096}.Ad-Hoc|x64.Build.0 = Release|Any CPU
		{4233294A-27CC-4240-AA11-1543AB3A3096}.Ad-Hoc|x64.Deploy.0 = Release|Any CPU
		{4233294A-27CC-4240-AA11-1543AB3A3096}.Ad-Hoc|x86.ActiveCfg = Release|Any CPU
		{4233294A-27CC-4240-AA11-1543AB3A3096}.Ad-Hoc|x86.Build.0 = Release|Any CPU
		{4233294A-27CC-4240-AA11-1543AB3A3096}.Ad-Hoc|x86.Deploy.0 = Release|Any CPU
		{4233294A-27CC-4240-AA11-1543AB3A3096}.AppStore|Any CPU.ActiveCfg = Release|Any CPU
		{4233294A-27CC-4240-AA11-1543AB3A3096}.AppStore|Any CPU.Build.0 = Release|Any CPU
		{4233294A-27CC-4240-AA11-1543AB3A3096}.AppStore|Any CPU.Deploy.0 = Release|Any CPU
		{4233294A-27CC-4240-AA11-1543AB3A3096}.AppStore|ARM.ActiveCfg = Release|Any CPU
		{4233294A-27CC-4240-AA11-1543AB3A3096}.AppStore|ARM.Build.0 = Release|Any CPU
		{4233294A-27CC-4240-AA11-1543AB3A3096}.AppStore|ARM.Deploy.0 = Release|Any CPU
		{4233294A-27CC-4240-AA11-1543AB3A3096}.AppStore|iPhone.ActiveCfg = Release|Any CPU
		{4233294A-27CC-4240-AA11-1543AB3A3096}.AppStore|iPhone.Build.0 = Release|Any CPU
		{4233294A-27CC-4240-AA11-1543AB3A3096}.AppStore|iPhone.Deploy.0 = Release|Any CPU
		{4233294A-27CC-4240-AA11-1543AB3A3096}.AppStore|iPhoneSimulator.ActiveCfg = Release|Any CPU
		{4233294A-27CC-4240-AA11-1543AB3A3096}.AppStore|iPhoneSimulator.Build.0 = Release|Any CPU
		{4233294A-27CC-4240-AA11-1543AB3A3096}.AppStore|iPhoneSimulator.Deploy.0 = Release|Any CPU
		{4233294A-27CC-4240-AA11-1543AB3A3096}.AppStore|x64.ActiveCfg = Release|Any CPU
		{4233294A-27CC-4240-AA11-1543AB3A3096}.AppStore|x64.Build.0 = Release|Any CPU
		{4233294A-27CC-4240-AA11-1543AB3A3096}.AppStore|x64.Deploy.0 = Release|Any CPU
		{4233294A-27CC-4240-AA11-1543AB3A3096}.AppStore|x86.ActiveCfg = Release|Any CPU
		{4233294A-27CC-4240-AA11-1543AB3A3096}.AppStore|x86.Build.0 = Release|Any CPU
		{4233294A-27CC-4240-AA11-1543AB3A3096}.AppStore|x86.Deploy.0 = Release|Any CPU
		{4233294A-27CC-4240-AA11-1543AB3A3096}.Debug|Any CPU.ActiveCfg = Debug|Any CPU
		{4233294A-27CC-4240-AA11-1543AB3A3096}.Debug|Any CPU.Build.0 = Debug|Any CPU
		{4233294A-27CC-4240-AA11-1543AB3A3096}.Debug|Any CPU.Deploy.0 = Debug|Any CPU
		{4233294A-27CC-4240-AA11-1543AB3A3096}.Debug|ARM.ActiveCfg = Debug|Any CPU
		{4233294A-27CC-4240-AA11-1543AB3A3096}.Debug|ARM.Build.0 = Debug|Any CPU
		{4233294A-27CC-4240-AA11-1543AB3A3096}.Debug|ARM.Deploy.0 = Debug|Any CPU
		{4233294A-27CC-4240-AA11-1543AB3A3096}.Debug|iPhone.ActiveCfg = Debug|Any CPU
		{4233294A-27CC-4240-AA11-1543AB3A3096}.Debug|iPhone.Build.0 = Debug|Any CPU
		{4233294A-27CC-4240-AA11-1543AB3A3096}.Debug|iPhone.Deploy.0 = Debug|Any CPU
		{4233294A-27CC-4240-AA11-1543AB3A3096}.Debug|iPhoneSimulator.ActiveCfg = Debug|Any CPU
		{4233294A-27CC-4240-AA11-1543AB3A3096}.Debug|iPhoneSimulator.Build.0 = Debug|Any CPU
		{4233294A-27CC-4240-AA11-1543AB3A3096}.Debug|iPhoneSimulator.Deploy.0 = Debug|Any CPU
		{4233294A-27CC-4240-AA11-1543AB3A3096}.Debug|x64.ActiveCfg = Debug|Any CPU
		{4233294A-27CC-4240-AA11-1543AB3A3096}.Debug|x64.Build.0 = Debug|Any CPU
		{4233294A-27CC-4240-AA11-1543AB3A3096}.Debug|x64.Deploy.0 = Debug|Any CPU
		{4233294A-27CC-4240-AA11-1543AB3A3096}.Debug|x86.ActiveCfg = Debug|Any CPU
		{4233294A-27CC-4240-AA11-1543AB3A3096}.Debug|x86.Build.0 = Debug|Any CPU
		{4233294A-27CC-4240-AA11-1543AB3A3096}.Debug|x86.Deploy.0 = Debug|Any CPU
		{4233294A-27CC-4240-AA11-1543AB3A3096}.Release|Any CPU.ActiveCfg = Release|Any CPU
		{4233294A-27CC-4240-AA11-1543AB3A3096}.Release|Any CPU.Build.0 = Release|Any CPU
		{4233294A-27CC-4240-AA11-1543AB3A3096}.Release|Any CPU.Deploy.0 = Release|Any CPU
		{4233294A-27CC-4240-AA11-1543AB3A3096}.Release|ARM.ActiveCfg = Release|Any CPU
		{4233294A-27CC-4240-AA11-1543AB3A3096}.Release|ARM.Build.0 = Release|Any CPU
		{4233294A-27CC-4240-AA11-1543AB3A3096}.Release|ARM.Deploy.0 = Release|Any CPU
		{4233294A-27CC-4240-AA11-1543AB3A3096}.Release|iPhone.ActiveCfg = Release|Any CPU
		{4233294A-27CC-4240-AA11-1543AB3A3096}.Release|iPhone.Build.0 = Release|Any CPU
		{4233294A-27CC-4240-AA11-1543AB3A3096}.Release|iPhone.Deploy.0 = Release|Any CPU
		{4233294A-27CC-4240-AA11-1543AB3A3096}.Release|iPhoneSimulator.ActiveCfg = Release|Any CPU
		{4233294A-27CC-4240-AA11-1543AB3A3096}.Release|iPhoneSimulator.Build.0 = Release|Any CPU
		{4233294A-27CC-4240-AA11-1543AB3A3096}.Release|iPhoneSimulator.Deploy.0 = Release|Any CPU
		{4233294A-27CC-4240-AA11-1543AB3A3096}.Release|x64.ActiveCfg = Release|Any CPU
		{4233294A-27CC-4240-AA11-1543AB3A3096}.Release|x64.Build.0 = Release|Any CPU
		{4233294A-27CC-4240-AA11-1543AB3A3096}.Release|x64.Deploy.0 = Release|Any CPU
		{4233294A-27CC-4240-AA11-1543AB3A3096}.Release|x86.ActiveCfg = Release|Any CPU
		{4233294A-27CC-4240-AA11-1543AB3A3096}.Release|x86.Build.0 = Release|Any CPU
		{4233294A-27CC-4240-AA11-1543AB3A3096}.Release|x86.Deploy.0 = Release|Any CPU
		{839AF30D-BB50-40D7-B00E-DCCF9A6A9590}.Ad-Hoc|Any CPU.ActiveCfg = Ad-Hoc|iPhone
		{839AF30D-BB50-40D7-B00E-DCCF9A6A9590}.Ad-Hoc|Any CPU.Build.0 = Ad-Hoc|iPhone
		{839AF30D-BB50-40D7-B00E-DCCF9A6A9590}.Ad-Hoc|Any CPU.Deploy.0 = Ad-Hoc|iPhone
		{839AF30D-BB50-40D7-B00E-DCCF9A6A9590}.Ad-Hoc|ARM.ActiveCfg = Ad-Hoc|iPhone
		{839AF30D-BB50-40D7-B00E-DCCF9A6A9590}.Ad-Hoc|ARM.Build.0 = Ad-Hoc|iPhone
		{839AF30D-BB50-40D7-B00E-DCCF9A6A9590}.Ad-Hoc|ARM.Deploy.0 = Ad-Hoc|iPhone
		{839AF30D-BB50-40D7-B00E-DCCF9A6A9590}.Ad-Hoc|iPhone.ActiveCfg = Ad-Hoc|iPhone
		{839AF30D-BB50-40D7-B00E-DCCF9A6A9590}.Ad-Hoc|iPhone.Build.0 = Ad-Hoc|iPhone
		{839AF30D-BB50-40D7-B00E-DCCF9A6A9590}.Ad-Hoc|iPhone.Deploy.0 = Ad-Hoc|iPhone
		{839AF30D-BB50-40D7-B00E-DCCF9A6A9590}.Ad-Hoc|iPhoneSimulator.ActiveCfg = Ad-Hoc|iPhoneSimulator
		{839AF30D-BB50-40D7-B00E-DCCF9A6A9590}.Ad-Hoc|iPhoneSimulator.Build.0 = Ad-Hoc|iPhoneSimulator
		{839AF30D-BB50-40D7-B00E-DCCF9A6A9590}.Ad-Hoc|iPhoneSimulator.Deploy.0 = Ad-Hoc|iPhoneSimulator
		{839AF30D-BB50-40D7-B00E-DCCF9A6A9590}.Ad-Hoc|x64.ActiveCfg = Ad-Hoc|iPhone
		{839AF30D-BB50-40D7-B00E-DCCF9A6A9590}.Ad-Hoc|x64.Build.0 = Ad-Hoc|iPhone
		{839AF30D-BB50-40D7-B00E-DCCF9A6A9590}.Ad-Hoc|x64.Deploy.0 = Ad-Hoc|iPhone
		{839AF30D-BB50-40D7-B00E-DCCF9A6A9590}.Ad-Hoc|x86.ActiveCfg = Ad-Hoc|iPhone
		{839AF30D-BB50-40D7-B00E-DCCF9A6A9590}.Ad-Hoc|x86.Build.0 = Ad-Hoc|iPhone
		{839AF30D-BB50-40D7-B00E-DCCF9A6A9590}.Ad-Hoc|x86.Deploy.0 = Ad-Hoc|iPhone
		{839AF30D-BB50-40D7-B00E-DCCF9A6A9590}.AppStore|Any CPU.ActiveCfg = AppStore|iPhone
		{839AF30D-BB50-40D7-B00E-DCCF9A6A9590}.AppStore|Any CPU.Build.0 = AppStore|iPhone
		{839AF30D-BB50-40D7-B00E-DCCF9A6A9590}.AppStore|Any CPU.Deploy.0 = AppStore|iPhone
		{839AF30D-BB50-40D7-B00E-DCCF9A6A9590}.AppStore|ARM.ActiveCfg = AppStore|iPhone
		{839AF30D-BB50-40D7-B00E-DCCF9A6A9590}.AppStore|ARM.Build.0 = AppStore|iPhone
		{839AF30D-BB50-40D7-B00E-DCCF9A6A9590}.AppStore|ARM.Deploy.0 = AppStore|iPhone
		{839AF30D-BB50-40D7-B00E-DCCF9A6A9590}.AppStore|iPhone.ActiveCfg = AppStore|iPhone
		{839AF30D-BB50-40D7-B00E-DCCF9A6A9590}.AppStore|iPhone.Build.0 = AppStore|iPhone
		{839AF30D-BB50-40D7-B00E-DCCF9A6A9590}.AppStore|iPhone.Deploy.0 = AppStore|iPhone
		{839AF30D-BB50-40D7-B00E-DCCF9A6A9590}.AppStore|iPhoneSimulator.ActiveCfg = AppStore|iPhoneSimulator
		{839AF30D-BB50-40D7-B00E-DCCF9A6A9590}.AppStore|iPhoneSimulator.Build.0 = AppStore|iPhoneSimulator
		{839AF30D-BB50-40D7-B00E-DCCF9A6A9590}.AppStore|iPhoneSimulator.Deploy.0 = AppStore|iPhoneSimulator
		{839AF30D-BB50-40D7-B00E-DCCF9A6A9590}.AppStore|x64.ActiveCfg = AppStore|iPhone
		{839AF30D-BB50-40D7-B00E-DCCF9A6A9590}.AppStore|x64.Build.0 = AppStore|iPhone
		{839AF30D-BB50-40D7-B00E-DCCF9A6A9590}.AppStore|x64.Deploy.0 = AppStore|iPhone
		{839AF30D-BB50-40D7-B00E-DCCF9A6A9590}.AppStore|x86.ActiveCfg = AppStore|iPhone
		{839AF30D-BB50-40D7-B00E-DCCF9A6A9590}.AppStore|x86.Build.0 = AppStore|iPhone
		{839AF30D-BB50-40D7-B00E-DCCF9A6A9590}.AppStore|x86.Deploy.0 = AppStore|iPhone
		{839AF30D-BB50-40D7-B00E-DCCF9A6A9590}.Debug|Any CPU.ActiveCfg = Debug|iPhoneSimulator
		{839AF30D-BB50-40D7-B00E-DCCF9A6A9590}.Debug|Any CPU.Build.0 = Debug|iPhoneSimulator
		{839AF30D-BB50-40D7-B00E-DCCF9A6A9590}.Debug|Any CPU.Deploy.0 = Debug|iPhoneSimulator
		{839AF30D-BB50-40D7-B00E-DCCF9A6A9590}.Debug|ARM.ActiveCfg = Debug|iPhone
		{839AF30D-BB50-40D7-B00E-DCCF9A6A9590}.Debug|ARM.Build.0 = Debug|iPhone
		{839AF30D-BB50-40D7-B00E-DCCF9A6A9590}.Debug|ARM.Deploy.0 = Debug|iPhone
		{839AF30D-BB50-40D7-B00E-DCCF9A6A9590}.Debug|iPhone.ActiveCfg = Debug|iPhone
		{839AF30D-BB50-40D7-B00E-DCCF9A6A9590}.Debug|iPhone.Build.0 = Debug|iPhone
		{839AF30D-BB50-40D7-B00E-DCCF9A6A9590}.Debug|iPhone.Deploy.0 = Debug|iPhone
		{839AF30D-BB50-40D7-B00E-DCCF9A6A9590}.Debug|iPhoneSimulator.ActiveCfg = Debug|iPhoneSimulator
		{839AF30D-BB50-40D7-B00E-DCCF9A6A9590}.Debug|iPhoneSimulator.Build.0 = Debug|iPhoneSimulator
		{839AF30D-BB50-40D7-B00E-DCCF9A6A9590}.Debug|iPhoneSimulator.Deploy.0 = Debug|iPhoneSimulator
		{839AF30D-BB50-40D7-B00E-DCCF9A6A9590}.Debug|x64.ActiveCfg = Debug|iPhone
		{839AF30D-BB50-40D7-B00E-DCCF9A6A9590}.Debug|x64.Build.0 = Debug|iPhone
		{839AF30D-BB50-40D7-B00E-DCCF9A6A9590}.Debug|x64.Deploy.0 = Debug|iPhone
		{839AF30D-BB50-40D7-B00E-DCCF9A6A9590}.Debug|x86.ActiveCfg = Debug|iPhone
		{839AF30D-BB50-40D7-B00E-DCCF9A6A9590}.Debug|x86.Build.0 = Debug|iPhone
		{839AF30D-BB50-40D7-B00E-DCCF9A6A9590}.Debug|x86.Deploy.0 = Debug|iPhone
		{839AF30D-BB50-40D7-B00E-DCCF9A6A9590}.Release|Any CPU.ActiveCfg = Release|iPhone
		{839AF30D-BB50-40D7-B00E-DCCF9A6A9590}.Release|Any CPU.Build.0 = Release|iPhone
		{839AF30D-BB50-40D7-B00E-DCCF9A6A9590}.Release|Any CPU.Deploy.0 = Release|iPhone
		{839AF30D-BB50-40D7-B00E-DCCF9A6A9590}.Release|ARM.ActiveCfg = Release|iPhone
		{839AF30D-BB50-40D7-B00E-DCCF9A6A9590}.Release|ARM.Build.0 = Release|iPhone
		{839AF30D-BB50-40D7-B00E-DCCF9A6A9590}.Release|ARM.Deploy.0 = Release|iPhone
		{839AF30D-BB50-40D7-B00E-DCCF9A6A9590}.Release|iPhone.ActiveCfg = Release|iPhone
		{839AF30D-BB50-40D7-B00E-DCCF9A6A9590}.Release|iPhone.Build.0 = Release|iPhone
		{839AF30D-BB50-40D7-B00E-DCCF9A6A9590}.Release|iPhone.Deploy.0 = Release|iPhone
		{839AF30D-BB50-40D7-B00E-DCCF9A6A9590}.Release|iPhoneSimulator.ActiveCfg = Release|iPhoneSimulator
		{839AF30D-BB50-40D7-B00E-DCCF9A6A9590}.Release|iPhoneSimulator.Build.0 = Release|iPhoneSimulator
		{839AF30D-BB50-40D7-B00E-DCCF9A6A9590}.Release|iPhoneSimulator.Deploy.0 = Release|iPhoneSimulator
		{839AF30D-BB50-40D7-B00E-DCCF9A6A9590}.Release|x64.ActiveCfg = Release|iPhone
		{839AF30D-BB50-40D7-B00E-DCCF9A6A9590}.Release|x64.Build.0 = Release|iPhone
		{839AF30D-BB50-40D7-B00E-DCCF9A6A9590}.Release|x64.Deploy.0 = Release|iPhone
		{839AF30D-BB50-40D7-B00E-DCCF9A6A9590}.Release|x86.ActiveCfg = Release|iPhone
		{839AF30D-BB50-40D7-B00E-DCCF9A6A9590}.Release|x86.Build.0 = Release|iPhone
		{839AF30D-BB50-40D7-B00E-DCCF9A6A9590}.Release|x86.Deploy.0 = Release|iPhone
		{C5C79FBB-27D4-4A09-AE2D-EA8FC17451CA}.Ad-Hoc|Any CPU.ActiveCfg = Release|x86
		{C5C79FBB-27D4-4A09-AE2D-EA8FC17451CA}.Ad-Hoc|Any CPU.Build.0 = Release|x86
		{C5C79FBB-27D4-4A09-AE2D-EA8FC17451CA}.Ad-Hoc|Any CPU.Deploy.0 = Release|x86
		{C5C79FBB-27D4-4A09-AE2D-EA8FC17451CA}.Ad-Hoc|ARM.ActiveCfg = Release|ARM
		{C5C79FBB-27D4-4A09-AE2D-EA8FC17451CA}.Ad-Hoc|ARM.Build.0 = Release|ARM
		{C5C79FBB-27D4-4A09-AE2D-EA8FC17451CA}.Ad-Hoc|ARM.Deploy.0 = Release|ARM
		{C5C79FBB-27D4-4A09-AE2D-EA8FC17451CA}.Ad-Hoc|iPhone.ActiveCfg = Release|x86
		{C5C79FBB-27D4-4A09-AE2D-EA8FC17451CA}.Ad-Hoc|iPhone.Build.0 = Release|x86
		{C5C79FBB-27D4-4A09-AE2D-EA8FC17451CA}.Ad-Hoc|iPhone.Deploy.0 = Release|x86
		{C5C79FBB-27D4-4A09-AE2D-EA8FC17451CA}.Ad-Hoc|iPhoneSimulator.ActiveCfg = Release|x86
		{C5C79FBB-27D4-4A09-AE2D-EA8FC17451CA}.Ad-Hoc|iPhoneSimulator.Build.0 = Release|x86
		{C5C79FBB-27D4-4A09-AE2D-EA8FC17451CA}.Ad-Hoc|iPhoneSimulator.Deploy.0 = Release|x86
		{C5C79FBB-27D4-4A09-AE2D-EA8FC17451CA}.Ad-Hoc|x64.ActiveCfg = Release|x64
		{C5C79FBB-27D4-4A09-AE2D-EA8FC17451CA}.Ad-Hoc|x64.Build.0 = Release|x64
		{C5C79FBB-27D4-4A09-AE2D-EA8FC17451CA}.Ad-Hoc|x64.Deploy.0 = Release|x64
		{C5C79FBB-27D4-4A09-AE2D-EA8FC17451CA}.Ad-Hoc|x86.ActiveCfg = Release|x86
		{C5C79FBB-27D4-4A09-AE2D-EA8FC17451CA}.Ad-Hoc|x86.Build.0 = Release|x86
		{C5C79FBB-27D4-4A09-AE2D-EA8FC17451CA}.Ad-Hoc|x86.Deploy.0 = Release|x86
		{C5C79FBB-27D4-4A09-AE2D-EA8FC17451CA}.AppStore|Any CPU.ActiveCfg = Release|x86
		{C5C79FBB-27D4-4A09-AE2D-EA8FC17451CA}.AppStore|Any CPU.Build.0 = Release|x86
		{C5C79FBB-27D4-4A09-AE2D-EA8FC17451CA}.AppStore|Any CPU.Deploy.0 = Release|x86
		{C5C79FBB-27D4-4A09-AE2D-EA8FC17451CA}.AppStore|ARM.ActiveCfg = Release|ARM
		{C5C79FBB-27D4-4A09-AE2D-EA8FC17451CA}.AppStore|ARM.Build.0 = Release|ARM
		{C5C79FBB-27D4-4A09-AE2D-EA8FC17451CA}.AppStore|ARM.Deploy.0 = Release|ARM
		{C5C79FBB-27D4-4A09-AE2D-EA8FC17451CA}.AppStore|iPhone.ActiveCfg = Release|x86
		{C5C79FBB-27D4-4A09-AE2D-EA8FC17451CA}.AppStore|iPhone.Build.0 = Release|x86
		{C5C79FBB-27D4-4A09-AE2D-EA8FC17451CA}.AppStore|iPhone.Deploy.0 = Release|x86
		{C5C79FBB-27D4-4A09-AE2D-EA8FC17451CA}.AppStore|iPhoneSimulator.ActiveCfg = Release|x86
		{C5C79FBB-27D4-4A09-AE2D-EA8FC17451CA}.AppStore|iPhoneSimulator.Build.0 = Release|x86
		{C5C79FBB-27D4-4A09-AE2D-EA8FC17451CA}.AppStore|iPhoneSimulator.Deploy.0 = Release|x86
		{C5C79FBB-27D4-4A09-AE2D-EA8FC17451CA}.AppStore|x64.ActiveCfg = Release|x64
		{C5C79FBB-27D4-4A09-AE2D-EA8FC17451CA}.AppStore|x64.Build.0 = Release|x64
		{C5C79FBB-27D4-4A09-AE2D-EA8FC17451CA}.AppStore|x64.Deploy.0 = Release|x64
		{C5C79FBB-27D4-4A09-AE2D-EA8FC17451CA}.AppStore|x86.ActiveCfg = Release|x86
		{C5C79FBB-27D4-4A09-AE2D-EA8FC17451CA}.AppStore|x86.Build.0 = Release|x86
		{C5C79FBB-27D4-4A09-AE2D-EA8FC17451CA}.AppStore|x86.Deploy.0 = Release|x86
		{C5C79FBB-27D4-4A09-AE2D-EA8FC17451CA}.Debug|Any CPU.ActiveCfg = Debug|x86
		{C5C79FBB-27D4-4A09-AE2D-EA8FC17451CA}.Debug|Any CPU.Build.0 = Debug|x86
		{C5C79FBB-27D4-4A09-AE2D-EA8FC17451CA}.Debug|Any CPU.Deploy.0 = Debug|x86
		{C5C79FBB-27D4-4A09-AE2D-EA8FC17451CA}.Debug|ARM.ActiveCfg = Debug|ARM
		{C5C79FBB-27D4-4A09-AE2D-EA8FC17451CA}.Debug|ARM.Build.0 = Debug|ARM
		{C5C79FBB-27D4-4A09-AE2D-EA8FC17451CA}.Debug|ARM.Deploy.0 = Debug|ARM
		{C5C79FBB-27D4-4A09-AE2D-EA8FC17451CA}.Debug|iPhone.ActiveCfg = Debug|x86
		{C5C79FBB-27D4-4A09-AE2D-EA8FC17451CA}.Debug|iPhone.Build.0 = Debug|x86
		{C5C79FBB-27D4-4A09-AE2D-EA8FC17451CA}.Debug|iPhone.Deploy.0 = Debug|x86
		{C5C79FBB-27D4-4A09-AE2D-EA8FC17451CA}.Debug|iPhoneSimulator.ActiveCfg = Debug|x86
		{C5C79FBB-27D4-4A09-AE2D-EA8FC17451CA}.Debug|iPhoneSimulator.Build.0 = Debug|x86
		{C5C79FBB-27D4-4A09-AE2D-EA8FC17451CA}.Debug|iPhoneSimulator.Deploy.0 = Debug|x86
		{C5C79FBB-27D4-4A09-AE2D-EA8FC17451CA}.Debug|x64.ActiveCfg = Debug|x64
		{C5C79FBB-27D4-4A09-AE2D-EA8FC17451CA}.Debug|x64.Build.0 = Debug|x64
		{C5C79FBB-27D4-4A09-AE2D-EA8FC17451CA}.Debug|x64.Deploy.0 = Debug|x64
		{C5C79FBB-27D4-4A09-AE2D-EA8FC17451CA}.Debug|x86.ActiveCfg = Debug|x86
		{C5C79FBB-27D4-4A09-AE2D-EA8FC17451CA}.Debug|x86.Build.0 = Debug|x86
		{C5C79FBB-27D4-4A09-AE2D-EA8FC17451CA}.Debug|x86.Deploy.0 = Debug|x86
		{C5C79FBB-27D4-4A09-AE2D-EA8FC17451CA}.Release|Any CPU.ActiveCfg = Release|x86
		{C5C79FBB-27D4-4A09-AE2D-EA8FC17451CA}.Release|Any CPU.Build.0 = Release|x86
		{C5C79FBB-27D4-4A09-AE2D-EA8FC17451CA}.Release|Any CPU.Deploy.0 = Release|x86
		{C5C79FBB-27D4-4A09-AE2D-EA8FC17451CA}.Release|ARM.ActiveCfg = Release|ARM
		{C5C79FBB-27D4-4A09-AE2D-EA8FC17451CA}.Release|ARM.Build.0 = Release|ARM
		{C5C79FBB-27D4-4A09-AE2D-EA8FC17451CA}.Release|ARM.Deploy.0 = Release|ARM
		{C5C79FBB-27D4-4A09-AE2D-EA8FC17451CA}.Release|iPhone.ActiveCfg = Release|x86
		{C5C79FBB-27D4-4A09-AE2D-EA8FC17451CA}.Release|iPhone.Build.0 = Release|x86
		{C5C79FBB-27D4-4A09-AE2D-EA8FC17451CA}.Release|iPhone.Deploy.0 = Release|x86
		{C5C79FBB-27D4-4A09-AE2D-EA8FC17451CA}.Release|iPhoneSimulator.ActiveCfg = Release|x86
		{C5C79FBB-27D4-4A09-AE2D-EA8FC17451CA}.Release|iPhoneSimulator.Build.0 = Release|x86
		{C5C79FBB-27D4-4A09-AE2D-EA8FC17451CA}.Release|iPhoneSimulator.Deploy.0 = Release|x86
		{C5C79FBB-27D4-4A09-AE2D-EA8FC17451CA}.Release|x64.ActiveCfg = Release|x64
		{C5C79FBB-27D4-4A09-AE2D-EA8FC17451CA}.Release|x64.Build.0 = Release|x64
		{C5C79FBB-27D4-4A09-AE2D-EA8FC17451CA}.Release|x64.Deploy.0 = Release|x64
		{C5C79FBB-27D4-4A09-AE2D-EA8FC17451CA}.Release|x86.ActiveCfg = Release|x86
		{C5C79FBB-27D4-4A09-AE2D-EA8FC17451CA}.Release|x86.Build.0 = Release|x86
		{C5C79FBB-27D4-4A09-AE2D-EA8FC17451CA}.Release|x86.Deploy.0 = Release|x86
		{A3825408-B553-4740-BFF1-2415EAB4EAF9}.Ad-Hoc|Any CPU.ActiveCfg = Debug|Any CPU
		{A3825408-B553-4740-BFF1-2415EAB4EAF9}.Ad-Hoc|Any CPU.Build.0 = Debug|Any CPU
		{A3825408-B553-4740-BFF1-2415EAB4EAF9}.Ad-Hoc|Any CPU.Deploy.0 = Debug|Any CPU
		{A3825408-B553-4740-BFF1-2415EAB4EAF9}.Ad-Hoc|ARM.ActiveCfg = Debug|Any CPU
		{A3825408-B553-4740-BFF1-2415EAB4EAF9}.Ad-Hoc|ARM.Build.0 = Debug|Any CPU
		{A3825408-B553-4740-BFF1-2415EAB4EAF9}.Ad-Hoc|ARM.Deploy.0 = Debug|Any CPU
		{A3825408-B553-4740-BFF1-2415EAB4EAF9}.Ad-Hoc|iPhone.ActiveCfg = Debug|Any CPU
		{A3825408-B553-4740-BFF1-2415EAB4EAF9}.Ad-Hoc|iPhone.Build.0 = Debug|Any CPU
		{A3825408-B553-4740-BFF1-2415EAB4EAF9}.Ad-Hoc|iPhone.Deploy.0 = Debug|Any CPU
		{A3825408-B553-4740-BFF1-2415EAB4EAF9}.Ad-Hoc|iPhoneSimulator.ActiveCfg = Debug|Any CPU
		{A3825408-B553-4740-BFF1-2415EAB4EAF9}.Ad-Hoc|iPhoneSimulator.Build.0 = Debug|Any CPU
		{A3825408-B553-4740-BFF1-2415EAB4EAF9}.Ad-Hoc|iPhoneSimulator.Deploy.0 = Debug|Any CPU
		{A3825408-B553-4740-BFF1-2415EAB4EAF9}.Ad-Hoc|x64.ActiveCfg = Debug|Any CPU
		{A3825408-B553-4740-BFF1-2415EAB4EAF9}.Ad-Hoc|x64.Build.0 = Debug|Any CPU
		{A3825408-B553-4740-BFF1-2415EAB4EAF9}.Ad-Hoc|x64.Deploy.0 = Debug|Any CPU
		{A3825408-B553-4740-BFF1-2415EAB4EAF9}.Ad-Hoc|x86.ActiveCfg = Debug|Any CPU
		{A3825408-B553-4740-BFF1-2415EAB4EAF9}.Ad-Hoc|x86.Build.0 = Debug|Any CPU
		{A3825408-B553-4740-BFF1-2415EAB4EAF9}.Ad-Hoc|x86.Deploy.0 = Debug|Any CPU
		{A3825408-B553-4740-BFF1-2415EAB4EAF9}.AppStore|Any CPU.ActiveCfg = Debug|Any CPU
		{A3825408-B553-4740-BFF1-2415EAB4EAF9}.AppStore|Any CPU.Build.0 = Debug|Any CPU
		{A3825408-B553-4740-BFF1-2415EAB4EAF9}.AppStore|Any CPU.Deploy.0 = Debug|Any CPU
		{A3825408-B553-4740-BFF1-2415EAB4EAF9}.AppStore|ARM.ActiveCfg = Debug|Any CPU
		{A3825408-B553-4740-BFF1-2415EAB4EAF9}.AppStore|ARM.Build.0 = Debug|Any CPU
		{A3825408-B553-4740-BFF1-2415EAB4EAF9}.AppStore|ARM.Deploy.0 = Debug|Any CPU
		{A3825408-B553-4740-BFF1-2415EAB4EAF9}.AppStore|iPhone.ActiveCfg = Debug|Any CPU
		{A3825408-B553-4740-BFF1-2415EAB4EAF9}.AppStore|iPhone.Build.0 = Debug|Any CPU
		{A3825408-B553-4740-BFF1-2415EAB4EAF9}.AppStore|iPhone.Deploy.0 = Debug|Any CPU
		{A3825408-B553-4740-BFF1-2415EAB4EAF9}.AppStore|iPhoneSimulator.ActiveCfg = Debug|Any CPU
		{A3825408-B553-4740-BFF1-2415EAB4EAF9}.AppStore|iPhoneSimulator.Build.0 = Debug|Any CPU
		{A3825408-B553-4740-BFF1-2415EAB4EAF9}.AppStore|iPhoneSimulator.Deploy.0 = Debug|Any CPU
		{A3825408-B553-4740-BFF1-2415EAB4EAF9}.AppStore|x64.ActiveCfg = Debug|Any CPU
		{A3825408-B553-4740-BFF1-2415EAB4EAF9}.AppStore|x64.Build.0 = Debug|Any CPU
		{A3825408-B553-4740-BFF1-2415EAB4EAF9}.AppStore|x64.Deploy.0 = Debug|Any CPU
		{A3825408-B553-4740-BFF1-2415EAB4EAF9}.AppStore|x86.ActiveCfg = Debug|Any CPU
		{A3825408-B553-4740-BFF1-2415EAB4EAF9}.AppStore|x86.Build.0 = Debug|Any CPU
		{A3825408-B553-4740-BFF1-2415EAB4EAF9}.AppStore|x86.Deploy.0 = Debug|Any CPU
		{A3825408-B553-4740-BFF1-2415EAB4EAF9}.Debug|Any CPU.ActiveCfg = Debug|Any CPU
		{A3825408-B553-4740-BFF1-2415EAB4EAF9}.Debug|Any CPU.Build.0 = Debug|Any CPU
		{A3825408-B553-4740-BFF1-2415EAB4EAF9}.Debug|Any CPU.Deploy.0 = Debug|Any CPU
		{A3825408-B553-4740-BFF1-2415EAB4EAF9}.Debug|ARM.ActiveCfg = Debug|Any CPU
		{A3825408-B553-4740-BFF1-2415EAB4EAF9}.Debug|ARM.Build.0 = Debug|Any CPU
		{A3825408-B553-4740-BFF1-2415EAB4EAF9}.Debug|ARM.Deploy.0 = Debug|Any CPU
		{A3825408-B553-4740-BFF1-2415EAB4EAF9}.Debug|iPhone.ActiveCfg = Debug|Any CPU
		{A3825408-B553-4740-BFF1-2415EAB4EAF9}.Debug|iPhone.Build.0 = Debug|Any CPU
		{A3825408-B553-4740-BFF1-2415EAB4EAF9}.Debug|iPhone.Deploy.0 = Debug|Any CPU
		{A3825408-B553-4740-BFF1-2415EAB4EAF9}.Debug|iPhoneSimulator.ActiveCfg = Debug|Any CPU
		{A3825408-B553-4740-BFF1-2415EAB4EAF9}.Debug|iPhoneSimulator.Build.0 = Debug|Any CPU
		{A3825408-B553-4740-BFF1-2415EAB4EAF9}.Debug|iPhoneSimulator.Deploy.0 = Debug|Any CPU
		{A3825408-B553-4740-BFF1-2415EAB4EAF9}.Debug|x64.ActiveCfg = Debug|Any CPU
		{A3825408-B553-4740-BFF1-2415EAB4EAF9}.Debug|x64.Build.0 = Debug|Any CPU
		{A3825408-B553-4740-BFF1-2415EAB4EAF9}.Debug|x64.Deploy.0 = Debug|Any CPU
		{A3825408-B553-4740-BFF1-2415EAB4EAF9}.Debug|x86.ActiveCfg = Debug|Any CPU
		{A3825408-B553-4740-BFF1-2415EAB4EAF9}.Debug|x86.Build.0 = Debug|Any CPU
		{A3825408-B553-4740-BFF1-2415EAB4EAF9}.Debug|x86.Deploy.0 = Debug|Any CPU
		{A3825408-B553-4740-BFF1-2415EAB4EAF9}.Release|Any CPU.ActiveCfg = Release|Any CPU
		{A3825408-B553-4740-BFF1-2415EAB4EAF9}.Release|Any CPU.Build.0 = Release|Any CPU
		{A3825408-B553-4740-BFF1-2415EAB4EAF9}.Release|Any CPU.Deploy.0 = Release|Any CPU
		{A3825408-B553-4740-BFF1-2415EAB4EAF9}.Release|ARM.ActiveCfg = Release|Any CPU
		{A3825408-B553-4740-BFF1-2415EAB4EAF9}.Release|ARM.Build.0 = Release|Any CPU
		{A3825408-B553-4740-BFF1-2415EAB4EAF9}.Release|ARM.Deploy.0 = Release|Any CPU
		{A3825408-B553-4740-BFF1-2415EAB4EAF9}.Release|iPhone.ActiveCfg = Release|Any CPU
		{A3825408-B553-4740-BFF1-2415EAB4EAF9}.Release|iPhone.Build.0 = Release|Any CPU
		{A3825408-B553-4740-BFF1-2415EAB4EAF9}.Release|iPhone.Deploy.0 = Release|Any CPU
		{A3825408-B553-4740-BFF1-2415EAB4EAF9}.Release|iPhoneSimulator.ActiveCfg = Release|Any CPU
		{A3825408-B553-4740-BFF1-2415EAB4EAF9}.Release|iPhoneSimulator.Build.0 = Release|Any CPU
		{A3825408-B553-4740-BFF1-2415EAB4EAF9}.Release|iPhoneSimulator.Deploy.0 = Release|Any CPU
		{A3825408-B553-4740-BFF1-2415EAB4EAF9}.Release|x64.ActiveCfg = Release|Any CPU
		{A3825408-B553-4740-BFF1-2415EAB4EAF9}.Release|x64.Build.0 = Release|Any CPU
		{A3825408-B553-4740-BFF1-2415EAB4EAF9}.Release|x64.Deploy.0 = Release|Any CPU
		{A3825408-B553-4740-BFF1-2415EAB4EAF9}.Release|x86.ActiveCfg = Release|Any CPU
		{A3825408-B553-4740-BFF1-2415EAB4EAF9}.Release|x86.Build.0 = Release|Any CPU
		{A3825408-B553-4740-BFF1-2415EAB4EAF9}.Release|x86.Deploy.0 = Release|Any CPU
	EndGlobalSection
	GlobalSection(SolutionProperties) = preSolution
		HideSolutionNode = FALSE
	EndGlobalSection
	GlobalSection(ExtensibilityGlobals) = postSolution
		SolutionGuid = {E2144163-0735-4865-8012-A1EC00C61DF7}
	EndGlobalSection
EndGlobal
