
Microsoft Visual Studio Solution File, Format Version 12.00
# Visual Studio 15
VisualStudioVersion = 15.0.28307.421
MinimumVisualStudioVersion = 10.0.40219.1
Project("{FAE04EC0-301F-11D3-BF4B-00C04F79EFBC}") = "EliotsPieShop.Android", "EliotsPieShop\EliotsPieShop.Android\EliotsPieShop.Android.csproj", "{A89525E0-730E-4D85-AC03-86811CD2E9F7}"
EndProject
Project("{FAE04EC0-301F-11D3-BF4B-00C04F79EFBC}") = "EliotsPieShop.iOS", "EliotsPieShop\EliotsPieShop.iOS\EliotsPieShop.iOS.csproj", "{C95BB4EC-DD06-4022-9264-C3F1E85AF903}"
EndProject
Project("{FAE04EC0-301F-11D3-BF4B-00C04F79EFBC}") = "EliotsPieShop.UWP", "EliotsPieShop\EliotsPieShop.UWP\EliotsPieShop.UWP.csproj", "{9EB8EE3B-4646-47E8-B8AF-D4F6604A2F22}"
EndProject
Project("{FAE04EC0-301F-11D3-BF4B-00C04F79EFBC}") = "EliotsPieShop", "EliotsPieShop\EliotsPieShop\EliotsPieShop.csproj", "{5DA96658-822B-47FA-9801-91D3B0977743}"
EndProject
Global
	GlobalSection(SolutionConfigurationPlatforms) = preSolution
		Ad-Hoc|Any CPU = Ad-Hoc|Any CPU
		Ad-Hoc|ARM = Ad-Hoc|ARM
		Ad-Hoc|iPhone = Ad-Hoc|iPhone
		Ad-Hoc|iPhoneSimulator = Ad-Hoc|iPhoneSimulator
		Ad-Hoc|x64 = Ad-Hoc|x64
		Ad-Hoc|x86 = Ad-Hoc|x86
		AppStore|Any CPU = AppStore|Any CPU
		AppStore|ARM = AppStore|ARM
		AppStore|iPhone = AppStore|iPhone
		AppStore|iPhoneSimulator = AppStore|iPhoneSimulator
		AppStore|x64 = AppStore|x64
		AppStore|x86 = AppStore|x86
		Debug|Any CPU = Debug|Any CPU
		Debug|ARM = Debug|ARM
		Debug|iPhone = Debug|iPhone
		Debug|iPhoneSimulator = Debug|iPhoneSimulator
		Debug|x64 = Debug|x64
		Debug|x86 = Debug|x86
		Release|Any CPU = Release|Any CPU
		Release|ARM = Release|ARM
		Release|iPhone = Release|iPhone
		Release|iPhoneSimulator = Release|iPhoneSimulator
		Release|x64 = Release|x64
		Release|x86 = Release|x86
	EndGlobalSection
	GlobalSection(ProjectConfigurationPlatforms) = postSolution
		{A89525E0-730E-4D85-AC03-86811CD2E9F7}.Ad-Hoc|Any CPU.ActiveCfg = Release|Any CPU
		{A89525E0-730E-4D85-AC03-86811CD2E9F7}.Ad-Hoc|Any CPU.Build.0 = Release|Any CPU
		{A89525E0-730E-4D85-AC03-86811CD2E9F7}.Ad-Hoc|Any CPU.Deploy.0 = Release|Any CPU
		{A89525E0-730E-4D85-AC03-86811CD2E9F7}.Ad-Hoc|ARM.ActiveCfg = Release|Any CPU
		{A89525E0-730E-4D85-AC03-86811CD2E9F7}.Ad-Hoc|ARM.Build.0 = Release|Any CPU
		{A89525E0-730E-4D85-AC03-86811CD2E9F7}.Ad-Hoc|ARM.Deploy.0 = Release|Any CPU
		{A89525E0-730E-4D85-AC03-86811CD2E9F7}.Ad-Hoc|iPhone.ActiveCfg = Release|Any CPU
		{A89525E0-730E-4D85-AC03-86811CD2E9F7}.Ad-Hoc|iPhone.Build.0 = Release|Any CPU
		{A89525E0-730E-4D85-AC03-86811CD2E9F7}.Ad-Hoc|iPhone.Deploy.0 = Release|Any CPU
		{A89525E0-730E-4D85-AC03-86811CD2E9F7}.Ad-Hoc|iPhoneSimulator.ActiveCfg = Release|Any CPU
		{A89525E0-730E-4D85-AC03-86811CD2E9F7}.Ad-Hoc|iPhoneSimulator.Build.0 = Release|Any CPU
		{A89525E0-730E-4D85-AC03-86811CD2E9F7}.Ad-Hoc|iPhoneSimulator.Deploy.0 = Release|Any CPU
		{A89525E0-730E-4D85-AC03-86811CD2E9F7}.Ad-Hoc|x64.ActiveCfg = Release|Any CPU
		{A89525E0-730E-4D85-AC03-86811CD2E9F7}.Ad-Hoc|x64.Build.0 = Release|Any CPU
		{A89525E0-730E-4D85-AC03-86811CD2E9F7}.Ad-Hoc|x64.Deploy.0 = Release|Any CPU
		{A89525E0-730E-4D85-AC03-86811CD2E9F7}.Ad-Hoc|x86.ActiveCfg = Release|Any CPU
		{A89525E0-730E-4D85-AC03-86811CD2E9F7}.Ad-Hoc|x86.Build.0 = Release|Any CPU
		{A89525E0-730E-4D85-AC03-86811CD2E9F7}.Ad-Hoc|x86.Deploy.0 = Release|Any CPU
		{A89525E0-730E-4D85-AC03-86811CD2E9F7}.AppStore|Any CPU.ActiveCfg = Release|Any CPU
		{A89525E0-730E-4D85-AC03-86811CD2E9F7}.AppStore|Any CPU.Build.0 = Release|Any CPU
		{A89525E0-730E-4D85-AC03-86811CD2E9F7}.AppStore|Any CPU.Deploy.0 = Release|Any CPU
		{A89525E0-730E-4D85-AC03-86811CD2E9F7}.AppStore|ARM.ActiveCfg = Release|Any CPU
		{A89525E0-730E-4D85-AC03-86811CD2E9F7}.AppStore|ARM.Build.0 = Release|Any CPU
		{A89525E0-730E-4D85-AC03-86811CD2E9F7}.AppStore|ARM.Deploy.0 = Release|Any CPU
		{A89525E0-730E-4D85-AC03-86811CD2E9F7}.AppStore|iPhone.ActiveCfg = Release|Any CPU
		{A89525E0-730E-4D85-AC03-86811CD2E9F7}.AppStore|iPhone.Build.0 = Release|Any CPU
		{A89525E0-730E-4D85-AC03-86811CD2E9F7}.AppStore|iPhone.Deploy.0 = Release|Any CPU
		{A89525E0-730E-4D85-AC03-86811CD2E9F7}.AppStore|iPhoneSimulator.ActiveCfg = Release|Any CPU
		{A89525E0-730E-4D85-AC03-86811CD2E9F7}.AppStore|iPhoneSimulator.Build.0 = Release|Any CPU
		{A89525E0-730E-4D85-AC03-86811CD2E9F7}.AppStore|iPhoneSimulator.Deploy.0 = Release|Any CPU
		{A89525E0-730E-4D85-AC03-86811CD2E9F7}.AppStore|x64.ActiveCfg = Release|Any CPU
		{A89525E0-730E-4D85-AC03-86811CD2E9F7}.AppStore|x64.Build.0 = Release|Any CPU
		{A89525E0-730E-4D85-AC03-86811CD2E9F7}.AppStore|x64.Deploy.0 = Release|Any CPU
		{A89525E0-730E-4D85-AC03-86811CD2E9F7}.AppStore|x86.ActiveCfg = Release|Any CPU
		{A89525E0-730E-4D85-AC03-86811CD2E9F7}.AppStore|x86.Build.0 = Release|Any CPU
		{A89525E0-730E-4D85-AC03-86811CD2E9F7}.AppStore|x86.Deploy.0 = Release|Any CPU
		{A89525E0-730E-4D85-AC03-86811CD2E9F7}.Debug|Any CPU.ActiveCfg = Debug|Any CPU
		{A89525E0-730E-4D85-AC03-86811CD2E9F7}.Debug|Any CPU.Build.0 = Debug|Any CPU
		{A89525E0-730E-4D85-AC03-86811CD2E9F7}.Debug|Any CPU.Deploy.0 = Debug|Any CPU
		{A89525E0-730E-4D85-AC03-86811CD2E9F7}.Debug|ARM.ActiveCfg = Debug|Any CPU
		{A89525E0-730E-4D85-AC03-86811CD2E9F7}.Debug|ARM.Build.0 = Debug|Any CPU
		{A89525E0-730E-4D85-AC03-86811CD2E9F7}.Debug|ARM.Deploy.0 = Debug|Any CPU
		{A89525E0-730E-4D85-AC03-86811CD2E9F7}.Debug|iPhone.ActiveCfg = Debug|Any CPU
		{A89525E0-730E-4D85-AC03-86811CD2E9F7}.Debug|iPhone.Build.0 = Debug|Any CPU
		{A89525E0-730E-4D85-AC03-86811CD2E9F7}.Debug|iPhone.Deploy.0 = Debug|Any CPU
		{A89525E0-730E-4D85-AC03-86811CD2E9F7}.Debug|iPhoneSimulator.ActiveCfg = Debug|Any CPU
		{A89525E0-730E-4D85-AC03-86811CD2E9F7}.Debug|iPhoneSimulator.Build.0 = Debug|Any CPU
		{A89525E0-730E-4D85-AC03-86811CD2E9F7}.Debug|iPhoneSimulator.Deploy.0 = Debug|Any CPU
		{A89525E0-730E-4D85-AC03-86811CD2E9F7}.Debug|x64.ActiveCfg = Debug|Any CPU
		{A89525E0-730E-4D85-AC03-86811CD2E9F7}.Debug|x64.Build.0 = Debug|Any CPU
		{A89525E0-730E-4D85-AC03-86811CD2E9F7}.Debug|x64.Deploy.0 = Debug|Any CPU
		{A89525E0-730E-4D85-AC03-86811CD2E9F7}.Debug|x86.ActiveCfg = Debug|Any CPU
		{A89525E0-730E-4D85-AC03-86811CD2E9F7}.Debug|x86.Build.0 = Debug|Any CPU
		{A89525E0-730E-4D85-AC03-86811CD2E9F7}.Debug|x86.Deploy.0 = Debug|Any CPU
		{A89525E0-730E-4D85-AC03-86811CD2E9F7}.Release|Any CPU.ActiveCfg = Release|Any CPU
		{A89525E0-730E-4D85-AC03-86811CD2E9F7}.Release|Any CPU.Build.0 = Release|Any CPU
		{A89525E0-730E-4D85-AC03-86811CD2E9F7}.Release|Any CPU.Deploy.0 = Release|Any CPU
		{A89525E0-730E-4D85-AC03-86811CD2E9F7}.Release|ARM.ActiveCfg = Release|Any CPU
		{A89525E0-730E-4D85-AC03-86811CD2E9F7}.Release|ARM.Build.0 = Release|Any CPU
		{A89525E0-730E-4D85-AC03-86811CD2E9F7}.Release|ARM.Deploy.0 = Release|Any CPU
		{A89525E0-730E-4D85-AC03-86811CD2E9F7}.Release|iPhone.ActiveCfg = Release|Any CPU
		{A89525E0-730E-4D85-AC03-86811CD2E9F7}.Release|iPhone.Build.0 = Release|Any CPU
		{A89525E0-730E-4D85-AC03-86811CD2E9F7}.Release|iPhone.Deploy.0 = Release|Any CPU
		{A89525E0-730E-4D85-AC03-86811CD2E9F7}.Release|iPhoneSimulator.ActiveCfg = Release|Any CPU
		{A89525E0-730E-4D85-AC03-86811CD2E9F7}.Release|iPhoneSimulator.Build.0 = Release|Any CPU
		{A89525E0-730E-4D85-AC03-86811CD2E9F7}.Release|iPhoneSimulator.Deploy.0 = Release|Any CPU
		{A89525E0-730E-4D85-AC03-86811CD2E9F7}.Release|x64.ActiveCfg = Release|Any CPU
		{A89525E0-730E-4D85-AC03-86811CD2E9F7}.Release|x64.Build.0 = Release|Any CPU
		{A89525E0-730E-4D85-AC03-86811CD2E9F7}.Release|x64.Deploy.0 = Release|Any CPU
		{A89525E0-730E-4D85-AC03-86811CD2E9F7}.Release|x86.ActiveCfg = Release|Any CPU
		{A89525E0-730E-4D85-AC03-86811CD2E9F7}.Release|x86.Build.0 = Release|Any CPU
		{A89525E0-730E-4D85-AC03-86811CD2E9F7}.Release|x86.Deploy.0 = Release|Any CPU
		{C95BB4EC-DD06-4022-9264-C3F1E85AF903}.Ad-Hoc|Any CPU.ActiveCfg = Ad-Hoc|iPhone
		{C95BB4EC-DD06-4022-9264-C3F1E85AF903}.Ad-Hoc|Any CPU.Build.0 = Ad-Hoc|iPhone
		{C95BB4EC-DD06-4022-9264-C3F1E85AF903}.Ad-Hoc|Any CPU.Deploy.0 = Ad-Hoc|iPhone
		{C95BB4EC-DD06-4022-9264-C3F1E85AF903}.Ad-Hoc|ARM.ActiveCfg = Ad-Hoc|iPhone
		{C95BB4EC-DD06-4022-9264-C3F1E85AF903}.Ad-Hoc|ARM.Build.0 = Ad-Hoc|iPhone
		{C95BB4EC-DD06-4022-9264-C3F1E85AF903}.Ad-Hoc|ARM.Deploy.0 = Ad-Hoc|iPhone
		{C95BB4EC-DD06-4022-9264-C3F1E85AF903}.Ad-Hoc|iPhone.ActiveCfg = Ad-Hoc|iPhone
		{C95BB4EC-DD06-4022-9264-C3F1E85AF903}.Ad-Hoc|iPhone.Build.0 = Ad-Hoc|iPhone
		{C95BB4EC-DD06-4022-9264-C3F1E85AF903}.Ad-Hoc|iPhone.Deploy.0 = Ad-Hoc|iPhone
		{C95BB4EC-DD06-4022-9264-C3F1E85AF903}.Ad-Hoc|iPhoneSimulator.ActiveCfg = Ad-Hoc|iPhoneSimulator
		{C95BB4EC-DD06-4022-9264-C3F1E85AF903}.Ad-Hoc|iPhoneSimulator.Build.0 = Ad-Hoc|iPhoneSimulator
		{C95BB4EC-DD06-4022-9264-C3F1E85AF903}.Ad-Hoc|iPhoneSimulator.Deploy.0 = Ad-Hoc|iPhoneSimulator
		{C95BB4EC-DD06-4022-9264-C3F1E85AF903}.Ad-Hoc|x64.ActiveCfg = Ad-Hoc|iPhone
		{C95BB4EC-DD06-4022-9264-C3F1E85AF903}.Ad-Hoc|x64.Build.0 = Ad-Hoc|iPhone
		{C95BB4EC-DD06-4022-9264-C3F1E85AF903}.Ad-Hoc|x64.Deploy.0 = Ad-Hoc|iPhone
		{C95BB4EC-DD06-4022-9264-C3F1E85AF903}.Ad-Hoc|x86.ActiveCfg = Ad-Hoc|iPhone
		{C95BB4EC-DD06-4022-9264-C3F1E85AF903}.Ad-Hoc|x86.Build.0 = Ad-Hoc|iPhone
		{C95BB4EC-DD06-4022-9264-C3F1E85AF903}.Ad-Hoc|x86.Deploy.0 = Ad-Hoc|iPhone
		{C95BB4EC-DD06-4022-9264-C3F1E85AF903}.AppStore|Any CPU.ActiveCfg = AppStore|iPhone
		{C95BB4EC-DD06-4022-9264-C3F1E85AF903}.AppStore|Any CPU.Build.0 = AppStore|iPhone
		{C95BB4EC-DD06-4022-9264-C3F1E85AF903}.AppStore|Any CPU.Deploy.0 = AppStore|iPhone
		{C95BB4EC-DD06-4022-9264-C3F1E85AF903}.AppStore|ARM.ActiveCfg = AppStore|iPhone
		{C95BB4EC-DD06-4022-9264-C3F1E85AF903}.AppStore|ARM.Build.0 = AppStore|iPhone
		{C95BB4EC-DD06-4022-9264-C3F1E85AF903}.AppStore|ARM.Deploy.0 = AppStore|iPhone
		{C95BB4EC-DD06-4022-9264-C3F1E85AF903}.AppStore|iPhone.ActiveCfg = AppStore|iPhone
		{C95BB4EC-DD06-4022-9264-C3F1E85AF903}.AppStore|iPhone.Build.0 = AppStore|iPhone
		{C95BB4EC-DD06-4022-9264-C3F1E85AF903}.AppStore|iPhone.Deploy.0 = AppStore|iPhone
		{C95BB4EC-DD06-4022-9264-C3F1E85AF903}.AppStore|iPhoneSimulator.ActiveCfg = AppStore|iPhoneSimulator
		{C95BB4EC-DD06-4022-9264-C3F1E85AF903}.AppStore|iPhoneSimulator.Build.0 = AppStore|iPhoneSimulator
		{C95BB4EC-DD06-4022-9264-C3F1E85AF903}.AppStore|iPhoneSimulator.Deploy.0 = AppStore|iPhoneSimulator
		{C95BB4EC-DD06-4022-9264-C3F1E85AF903}.AppStore|x64.ActiveCfg = AppStore|iPhone
		{C95BB4EC-DD06-4022-9264-C3F1E85AF903}.AppStore|x64.Build.0 = AppStore|iPhone
		{C95BB4EC-DD06-4022-9264-C3F1E85AF903}.AppStore|x64.Deploy.0 = AppStore|iPhone
		{C95BB4EC-DD06-4022-9264-C3F1E85AF903}.AppStore|x86.ActiveCfg = AppStore|iPhone
		{C95BB4EC-DD06-4022-9264-C3F1E85AF903}.AppStore|x86.Build.0 = AppStore|iPhone
		{C95BB4EC-DD06-4022-9264-C3F1E85AF903}.AppStore|x86.Deploy.0 = AppStore|iPhone
		{C95BB4EC-DD06-4022-9264-C3F1E85AF903}.Debug|Any CPU.ActiveCfg = Debug|iPhoneSimulator
		{C95BB4EC-DD06-4022-9264-C3F1E85AF903}.Debug|Any CPU.Build.0 = Debug|iPhoneSimulator
		{C95BB4EC-DD06-4022-9264-C3F1E85AF903}.Debug|Any CPU.Deploy.0 = Debug|iPhoneSimulator
		{C95BB4EC-DD06-4022-9264-C3F1E85AF903}.Debug|ARM.ActiveCfg = Debug|iPhone
		{C95BB4EC-DD06-4022-9264-C3F1E85AF903}.Debug|ARM.Build.0 = Debug|iPhone
		{C95BB4EC-DD06-4022-9264-C3F1E85AF903}.Debug|ARM.Deploy.0 = Debug|iPhone
		{C95BB4EC-DD06-4022-9264-C3F1E85AF903}.Debug|iPhone.ActiveCfg = Debug|iPhone
		{C95BB4EC-DD06-4022-9264-C3F1E85AF903}.Debug|iPhone.Build.0 = Debug|iPhone
		{C95BB4EC-DD06-4022-9264-C3F1E85AF903}.Debug|iPhone.Deploy.0 = Debug|iPhone
		{C95BB4EC-DD06-4022-9264-C3F1E85AF903}.Debug|iPhoneSimulator.ActiveCfg = Debug|iPhoneSimulator
		{C95BB4EC-DD06-4022-9264-C3F1E85AF903}.Debug|iPhoneSimulator.Build.0 = Debug|iPhoneSimulator
		{C95BB4EC-DD06-4022-9264-C3F1E85AF903}.Debug|iPhoneSimulator.Deploy.0 = Debug|iPhoneSimulator
		{C95BB4EC-DD06-4022-9264-C3F1E85AF903}.Debug|x64.ActiveCfg = Debug|iPhone
		{C95BB4EC-DD06-4022-9264-C3F1E85AF903}.Debug|x64.Build.0 = Debug|iPhone
		{C95BB4EC-DD06-4022-9264-C3F1E85AF903}.Debug|x64.Deploy.0 = Debug|iPhone
		{C95BB4EC-DD06-4022-9264-C3F1E85AF903}.Debug|x86.ActiveCfg = Debug|iPhone
		{C95BB4EC-DD06-4022-9264-C3F1E85AF903}.Debug|x86.Build.0 = Debug|iPhone
		{C95BB4EC-DD06-4022-9264-C3F1E85AF903}.Debug|x86.Deploy.0 = Debug|iPhone
		{C95BB4EC-DD06-4022-9264-C3F1E85AF903}.Release|Any CPU.ActiveCfg = Release|iPhone
		{C95BB4EC-DD06-4022-9264-C3F1E85AF903}.Release|Any CPU.Build.0 = Release|iPhone
		{C95BB4EC-DD06-4022-9264-C3F1E85AF903}.Release|Any CPU.Deploy.0 = Release|iPhone
		{C95BB4EC-DD06-4022-9264-C3F1E85AF903}.Release|ARM.ActiveCfg = Release|iPhone
		{C95BB4EC-DD06-4022-9264-C3F1E85AF903}.Release|ARM.Build.0 = Release|iPhone
		{C95BB4EC-DD06-4022-9264-C3F1E85AF903}.Release|ARM.Deploy.0 = Release|iPhone
		{C95BB4EC-DD06-4022-9264-C3F1E85AF903}.Release|iPhone.ActiveCfg = Release|iPhone
		{C95BB4EC-DD06-4022-9264-C3F1E85AF903}.Release|iPhone.Build.0 = Release|iPhone
		{C95BB4EC-DD06-4022-9264-C3F1E85AF903}.Release|iPhone.Deploy.0 = Release|iPhone
		{C95BB4EC-DD06-4022-9264-C3F1E85AF903}.Release|iPhoneSimulator.ActiveCfg = Release|iPhoneSimulator
		{C95BB4EC-DD06-4022-9264-C3F1E85AF903}.Release|iPhoneSimulator.Build.0 = Release|iPhoneSimulator
		{C95BB4EC-DD06-4022-9264-C3F1E85AF903}.Release|iPhoneSimulator.Deploy.0 = Release|iPhoneSimulator
		{C95BB4EC-DD06-4022-9264-C3F1E85AF903}.Release|x64.ActiveCfg = Release|iPhone
		{C95BB4EC-DD06-4022-9264-C3F1E85AF903}.Release|x64.Build.0 = Release|iPhone
		{C95BB4EC-DD06-4022-9264-C3F1E85AF903}.Release|x64.Deploy.0 = Release|iPhone
		{C95BB4EC-DD06-4022-9264-C3F1E85AF903}.Release|x86.ActiveCfg = Release|iPhone
		{C95BB4EC-DD06-4022-9264-C3F1E85AF903}.Release|x86.Build.0 = Release|iPhone
		{C95BB4EC-DD06-4022-9264-C3F1E85AF903}.Release|x86.Deploy.0 = Release|iPhone
		{9EB8EE3B-4646-47E8-B8AF-D4F6604A2F22}.Ad-Hoc|Any CPU.ActiveCfg = Release|x86
		{9EB8EE3B-4646-47E8-B8AF-D4F6604A2F22}.Ad-Hoc|Any CPU.Build.0 = Release|x86
		{9EB8EE3B-4646-47E8-B8AF-D4F6604A2F22}.Ad-Hoc|Any CPU.Deploy.0 = Release|x86
		{9EB8EE3B-4646-47E8-B8AF-D4F6604A2F22}.Ad-Hoc|ARM.ActiveCfg = Release|ARM
		{9EB8EE3B-4646-47E8-B8AF-D4F6604A2F22}.Ad-Hoc|ARM.Build.0 = Release|ARM
		{9EB8EE3B-4646-47E8-B8AF-D4F6604A2F22}.Ad-Hoc|ARM.Deploy.0 = Release|ARM
		{9EB8EE3B-4646-47E8-B8AF-D4F6604A2F22}.Ad-Hoc|iPhone.ActiveCfg = Release|x86
		{9EB8EE3B-4646-47E8-B8AF-D4F6604A2F22}.Ad-Hoc|iPhone.Build.0 = Release|x86
		{9EB8EE3B-4646-47E8-B8AF-D4F6604A2F22}.Ad-Hoc|iPhone.Deploy.0 = Release|x86
		{9EB8EE3B-4646-47E8-B8AF-D4F6604A2F22}.Ad-Hoc|iPhoneSimulator.ActiveCfg = Release|x86
		{9EB8EE3B-4646-47E8-B8AF-D4F6604A2F22}.Ad-Hoc|iPhoneSimulator.Build.0 = Release|x86
		{9EB8EE3B-4646-47E8-B8AF-D4F6604A2F22}.Ad-Hoc|iPhoneSimulator.Deploy.0 = Release|x86
		{9EB8EE3B-4646-47E8-B8AF-D4F6604A2F22}.Ad-Hoc|x64.ActiveCfg = Release|x64
		{9EB8EE3B-4646-47E8-B8AF-D4F6604A2F22}.Ad-Hoc|x64.Build.0 = Release|x64
		{9EB8EE3B-4646-47E8-B8AF-D4F6604A2F22}.Ad-Hoc|x64.Deploy.0 = Release|x64
		{9EB8EE3B-4646-47E8-B8AF-D4F6604A2F22}.Ad-Hoc|x86.ActiveCfg = Release|x86
		{9EB8EE3B-4646-47E8-B8AF-D4F6604A2F22}.Ad-Hoc|x86.Build.0 = Release|x86
		{9EB8EE3B-4646-47E8-B8AF-D4F6604A2F22}.Ad-Hoc|x86.Deploy.0 = Release|x86
		{9EB8EE3B-4646-47E8-B8AF-D4F6604A2F22}.AppStore|Any CPU.ActiveCfg = Release|x86
		{9EB8EE3B-4646-47E8-B8AF-D4F6604A2F22}.AppStore|Any CPU.Build.0 = Release|x86
		{9EB8EE3B-4646-47E8-B8AF-D4F6604A2F22}.AppStore|Any CPU.Deploy.0 = Release|x86
		{9EB8EE3B-4646-47E8-B8AF-D4F6604A2F22}.AppStore|ARM.ActiveCfg = Release|ARM
		{9EB8EE3B-4646-47E8-B8AF-D4F6604A2F22}.AppStore|ARM.Build.0 = Release|ARM
		{9EB8EE3B-4646-47E8-B8AF-D4F6604A2F22}.AppStore|ARM.Deploy.0 = Release|ARM
		{9EB8EE3B-4646-47E8-B8AF-D4F6604A2F22}.AppStore|iPhone.ActiveCfg = Release|x86
		{9EB8EE3B-4646-47E8-B8AF-D4F6604A2F22}.AppStore|iPhone.Build.0 = Release|x86
		{9EB8EE3B-4646-47E8-B8AF-D4F6604A2F22}.AppStore|iPhone.Deploy.0 = Release|x86
		{9EB8EE3B-4646-47E8-B8AF-D4F6604A2F22}.AppStore|iPhoneSimulator.ActiveCfg = Release|x86
		{9EB8EE3B-4646-47E8-B8AF-D4F6604A2F22}.AppStore|iPhoneSimulator.Build.0 = Release|x86
		{9EB8EE3B-4646-47E8-B8AF-D4F6604A2F22}.AppStore|iPhoneSimulator.Deploy.0 = Release|x86
		{9EB8EE3B-4646-47E8-B8AF-D4F6604A2F22}.AppStore|x64.ActiveCfg = Release|x64
		{9EB8EE3B-4646-47E8-B8AF-D4F6604A2F22}.AppStore|x64.Build.0 = Release|x64
		{9EB8EE3B-4646-47E8-B8AF-D4F6604A2F22}.AppStore|x64.Deploy.0 = Release|x64
		{9EB8EE3B-4646-47E8-B8AF-D4F6604A2F22}.AppStore|x86.ActiveCfg = Release|x86
		{9EB8EE3B-4646-47E8-B8AF-D4F6604A2F22}.AppStore|x86.Build.0 = Release|x86
		{9EB8EE3B-4646-47E8-B8AF-D4F6604A2F22}.AppStore|x86.Deploy.0 = Release|x86
		{9EB8EE3B-4646-47E8-B8AF-D4F6604A2F22}.Debug|Any CPU.ActiveCfg = Debug|x86
		{9EB8EE3B-4646-47E8-B8AF-D4F6604A2F22}.Debug|Any CPU.Build.0 = Debug|x86
		{9EB8EE3B-4646-47E8-B8AF-D4F6604A2F22}.Debug|Any CPU.Deploy.0 = Debug|x86
		{9EB8EE3B-4646-47E8-B8AF-D4F6604A2F22}.Debug|ARM.ActiveCfg = Debug|ARM
		{9EB8EE3B-4646-47E8-B8AF-D4F6604A2F22}.Debug|ARM.Build.0 = Debug|ARM
		{9EB8EE3B-4646-47E8-B8AF-D4F6604A2F22}.Debug|ARM.Deploy.0 = Debug|ARM
		{9EB8EE3B-4646-47E8-B8AF-D4F6604A2F22}.Debug|iPhone.ActiveCfg = Debug|x86
		{9EB8EE3B-4646-47E8-B8AF-D4F6604A2F22}.Debug|iPhone.Build.0 = Debug|x86
		{9EB8EE3B-4646-47E8-B8AF-D4F6604A2F22}.Debug|iPhone.Deploy.0 = Debug|x86
		{9EB8EE3B-4646-47E8-B8AF-D4F6604A2F22}.Debug|iPhoneSimulator.ActiveCfg = Debug|x86
		{9EB8EE3B-4646-47E8-B8AF-D4F6604A2F22}.Debug|iPhoneSimulator.Build.0 = Debug|x86
		{9EB8EE3B-4646-47E8-B8AF-D4F6604A2F22}.Debug|iPhoneSimulator.Deploy.0 = Debug|x86
		{9EB8EE3B-4646-47E8-B8AF-D4F6604A2F22}.Debug|x64.ActiveCfg = Debug|x64
		{9EB8EE3B-4646-47E8-B8AF-D4F6604A2F22}.Debug|x64.Build.0 = Debug|x64
		{9EB8EE3B-4646-47E8-B8AF-D4F6604A2F22}.Debug|x64.Deploy.0 = Debug|x64
		{9EB8EE3B-4646-47E8-B8AF-D4F6604A2F22}.Debug|x86.ActiveCfg = Debug|x86
		{9EB8EE3B-4646-47E8-B8AF-D4F6604A2F22}.Debug|x86.Build.0 = Debug|x86
		{9EB8EE3B-4646-47E8-B8AF-D4F6604A2F22}.Debug|x86.Deploy.0 = Debug|x86
		{9EB8EE3B-4646-47E8-B8AF-D4F6604A2F22}.Release|Any CPU.ActiveCfg = Release|x86
		{9EB8EE3B-4646-47E8-B8AF-D4F6604A2F22}.Release|Any CPU.Build.0 = Release|x86
		{9EB8EE3B-4646-47E8-B8AF-D4F6604A2F22}.Release|Any CPU.Deploy.0 = Release|x86
		{9EB8EE3B-4646-47E8-B8AF-D4F6604A2F22}.Release|ARM.ActiveCfg = Release|ARM
		{9EB8EE3B-4646-47E8-B8AF-D4F6604A2F22}.Release|ARM.Build.0 = Release|ARM
		{9EB8EE3B-4646-47E8-B8AF-D4F6604A2F22}.Release|ARM.Deploy.0 = Release|ARM
		{9EB8EE3B-4646-47E8-B8AF-D4F6604A2F22}.Release|iPhone.ActiveCfg = Release|x86
		{9EB8EE3B-4646-47E8-B8AF-D4F6604A2F22}.Release|iPhone.Build.0 = Release|x86
		{9EB8EE3B-4646-47E8-B8AF-D4F6604A2F22}.Release|iPhone.Deploy.0 = Release|x86
		{9EB8EE3B-4646-47E8-B8AF-D4F6604A2F22}.Release|iPhoneSimulator.ActiveCfg = Release|x86
		{9EB8EE3B-4646-47E8-B8AF-D4F6604A2F22}.Release|iPhoneSimulator.Build.0 = Release|x86
		{9EB8EE3B-4646-47E8-B8AF-D4F6604A2F22}.Release|iPhoneSimulator.Deploy.0 = Release|x86
		{9EB8EE3B-4646-47E8-B8AF-D4F6604A2F22}.Release|x64.ActiveCfg = Release|x64
		{9EB8EE3B-4646-47E8-B8AF-D4F6604A2F22}.Release|x64.Build.0 = Release|x64
		{9EB8EE3B-4646-47E8-B8AF-D4F6604A2F22}.Release|x64.Deploy.0 = Release|x64
		{9EB8EE3B-4646-47E8-B8AF-D4F6604A2F22}.Release|x86.ActiveCfg = Release|x86
		{9EB8EE3B-4646-47E8-B8AF-D4F6604A2F22}.Release|x86.Build.0 = Release|x86
		{9EB8EE3B-4646-47E8-B8AF-D4F6604A2F22}.Release|x86.Deploy.0 = Release|x86
		{5DA96658-822B-47FA-9801-91D3B0977743}.Ad-Hoc|Any CPU.ActiveCfg = Debug|Any CPU
		{5DA96658-822B-47FA-9801-91D3B0977743}.Ad-Hoc|Any CPU.Build.0 = Debug|Any CPU
		{5DA96658-822B-47FA-9801-91D3B0977743}.Ad-Hoc|Any CPU.Deploy.0 = Debug|Any CPU
		{5DA96658-822B-47FA-9801-91D3B0977743}.Ad-Hoc|ARM.ActiveCfg = Debug|Any CPU
		{5DA96658-822B-47FA-9801-91D3B0977743}.Ad-Hoc|ARM.Build.0 = Debug|Any CPU
		{5DA96658-822B-47FA-9801-91D3B0977743}.Ad-Hoc|ARM.Deploy.0 = Debug|Any CPU
		{5DA96658-822B-47FA-9801-91D3B0977743}.Ad-Hoc|iPhone.ActiveCfg = Debug|Any CPU
		{5DA96658-822B-47FA-9801-91D3B0977743}.Ad-Hoc|iPhone.Build.0 = Debug|Any CPU
		{5DA96658-822B-47FA-9801-91D3B0977743}.Ad-Hoc|iPhone.Deploy.0 = Debug|Any CPU
		{5DA96658-822B-47FA-9801-91D3B0977743}.Ad-Hoc|iPhoneSimulator.ActiveCfg = Debug|Any CPU
		{5DA96658-822B-47FA-9801-91D3B0977743}.Ad-Hoc|iPhoneSimulator.Build.0 = Debug|Any CPU
		{5DA96658-822B-47FA-9801-91D3B0977743}.Ad-Hoc|iPhoneSimulator.Deploy.0 = Debug|Any CPU
		{5DA96658-822B-47FA-9801-91D3B0977743}.Ad-Hoc|x64.ActiveCfg = Debug|Any CPU
		{5DA96658-822B-47FA-9801-91D3B0977743}.Ad-Hoc|x64.Build.0 = Debug|Any CPU
		{5DA96658-822B-47FA-9801-91D3B0977743}.Ad-Hoc|x64.Deploy.0 = Debug|Any CPU
		{5DA96658-822B-47FA-9801-91D3B0977743}.Ad-Hoc|x86.ActiveCfg = Debug|Any CPU
		{5DA96658-822B-47FA-9801-91D3B0977743}.Ad-Hoc|x86.Build.0 = Debug|Any CPU
		{5DA96658-822B-47FA-9801-91D3B0977743}.Ad-Hoc|x86.Deploy.0 = Debug|Any CPU
		{5DA96658-822B-47FA-9801-91D3B0977743}.AppStore|Any CPU.ActiveCfg = Debug|Any CPU
		{5DA96658-822B-47FA-9801-91D3B0977743}.AppStore|Any CPU.Build.0 = Debug|Any CPU
		{5DA96658-822B-47FA-9801-91D3B0977743}.AppStore|Any CPU.Deploy.0 = Debug|Any CPU
		{5DA96658-822B-47FA-9801-91D3B0977743}.AppStore|ARM.ActiveCfg = Debug|Any CPU
		{5DA96658-822B-47FA-9801-91D3B0977743}.AppStore|ARM.Build.0 = Debug|Any CPU
		{5DA96658-822B-47FA-9801-91D3B0977743}.AppStore|ARM.Deploy.0 = Debug|Any CPU
		{5DA96658-822B-47FA-9801-91D3B0977743}.AppStore|iPhone.ActiveCfg = Debug|Any CPU
		{5DA96658-822B-47FA-9801-91D3B0977743}.AppStore|iPhone.Build.0 = Debug|Any CPU
		{5DA96658-822B-47FA-9801-91D3B0977743}.AppStore|iPhone.Deploy.0 = Debug|Any CPU
		{5DA96658-822B-47FA-9801-91D3B0977743}.AppStore|iPhoneSimulator.ActiveCfg = Debug|Any CPU
		{5DA96658-822B-47FA-9801-91D3B0977743}.AppStore|iPhoneSimulator.Build.0 = Debug|Any CPU
		{5DA96658-822B-47FA-9801-91D3B0977743}.AppStore|iPhoneSimulator.Deploy.0 = Debug|Any CPU
		{5DA96658-822B-47FA-9801-91D3B0977743}.AppStore|x64.ActiveCfg = Debug|Any CPU
		{5DA96658-822B-47FA-9801-91D3B0977743}.AppStore|x64.Build.0 = Debug|Any CPU
		{5DA96658-822B-47FA-9801-91D3B0977743}.AppStore|x64.Deploy.0 = Debug|Any CPU
		{5DA96658-822B-47FA-9801-91D3B0977743}.AppStore|x86.ActiveCfg = Debug|Any CPU
		{5DA96658-822B-47FA-9801-91D3B0977743}.AppStore|x86.Build.0 = Debug|Any CPU
		{5DA96658-822B-47FA-9801-91D3B0977743}.AppStore|x86.Deploy.0 = Debug|Any CPU
		{5DA96658-822B-47FA-9801-91D3B0977743}.Debug|Any CPU.ActiveCfg = Debug|Any CPU
		{5DA96658-822B-47FA-9801-91D3B0977743}.Debug|Any CPU.Build.0 = Debug|Any CPU
		{5DA96658-822B-47FA-9801-91D3B0977743}.Debug|Any CPU.Deploy.0 = Debug|Any CPU
		{5DA96658-822B-47FA-9801-91D3B0977743}.Debug|ARM.ActiveCfg = Debug|Any CPU
		{5DA96658-822B-47FA-9801-91D3B0977743}.Debug|ARM.Build.0 = Debug|Any CPU
		{5DA96658-822B-47FA-9801-91D3B0977743}.Debug|ARM.Deploy.0 = Debug|Any CPU
		{5DA96658-822B-47FA-9801-91D3B0977743}.Debug|iPhone.ActiveCfg = Debug|Any CPU
		{5DA96658-822B-47FA-9801-91D3B0977743}.Debug|iPhone.Build.0 = Debug|Any CPU
		{5DA96658-822B-47FA-9801-91D3B0977743}.Debug|iPhone.Deploy.0 = Debug|Any CPU
		{5DA96658-822B-47FA-9801-91D3B0977743}.Debug|iPhoneSimulator.ActiveCfg = Debug|Any CPU
		{5DA96658-822B-47FA-9801-91D3B0977743}.Debug|iPhoneSimulator.Build.0 = Debug|Any CPU
		{5DA96658-822B-47FA-9801-91D3B0977743}.Debug|iPhoneSimulator.Deploy.0 = Debug|Any CPU
		{5DA96658-822B-47FA-9801-91D3B0977743}.Debug|x64.ActiveCfg = Debug|Any CPU
		{5DA96658-822B-47FA-9801-91D3B0977743}.Debug|x64.Build.0 = Debug|Any CPU
		{5DA96658-822B-47FA-9801-91D3B0977743}.Debug|x64.Deploy.0 = Debug|Any CPU
		{5DA96658-822B-47FA-9801-91D3B0977743}.Debug|x86.ActiveCfg = Debug|Any CPU
		{5DA96658-822B-47FA-9801-91D3B0977743}.Debug|x86.Build.0 = Debug|Any CPU
		{5DA96658-822B-47FA-9801-91D3B0977743}.Debug|x86.Deploy.0 = Debug|Any CPU
		{5DA96658-822B-47FA-9801-91D3B0977743}.Release|Any CPU.ActiveCfg = Release|Any CPU
		{5DA96658-822B-47FA-9801-91D3B0977743}.Release|Any CPU.Build.0 = Release|Any CPU
		{5DA96658-822B-47FA-9801-91D3B0977743}.Release|Any CPU.Deploy.0 = Release|Any CPU
		{5DA96658-822B-47FA-9801-91D3B0977743}.Release|ARM.ActiveCfg = Release|Any CPU
		{5DA96658-822B-47FA-9801-91D3B0977743}.Release|ARM.Build.0 = Release|Any CPU
		{5DA96658-822B-47FA-9801-91D3B0977743}.Release|ARM.Deploy.0 = Release|Any CPU
		{5DA96658-822B-47FA-9801-91D3B0977743}.Release|iPhone.ActiveCfg = Release|Any CPU
		{5DA96658-822B-47FA-9801-91D3B0977743}.Release|iPhone.Build.0 = Release|Any CPU
		{5DA96658-822B-47FA-9801-91D3B0977743}.Release|iPhone.Deploy.0 = Release|Any CPU
		{5DA96658-822B-47FA-9801-91D3B0977743}.Release|iPhoneSimulator.ActiveCfg = Release|Any CPU
		{5DA96658-822B-47FA-9801-91D3B0977743}.Release|iPhoneSimulator.Build.0 = Release|Any CPU
		{5DA96658-822B-47FA-9801-91D3B0977743}.Release|iPhoneSimulator.Deploy.0 = Release|Any CPU
		{5DA96658-822B-47FA-9801-91D3B0977743}.Release|x64.ActiveCfg = Release|Any CPU
		{5DA96658-822B-47FA-9801-91D3B0977743}.Release|x64.Build.0 = Release|Any CPU
		{5DA96658-822B-47FA-9801-91D3B0977743}.Release|x64.Deploy.0 = Release|Any CPU
		{5DA96658-822B-47FA-9801-91D3B0977743}.Release|x86.ActiveCfg = Release|Any CPU
		{5DA96658-822B-47FA-9801-91D3B0977743}.Release|x86.Build.0 = Release|Any CPU
		{5DA96658-822B-47FA-9801-91D3B0977743}.Release|x86.Deploy.0 = Release|Any CPU
	EndGlobalSection
	GlobalSection(SolutionProperties) = preSolution
		HideSolutionNode = FALSE
	EndGlobalSection
	GlobalSection(ExtensibilityGlobals) = postSolution
		SolutionGuid = {593874EA-8AE5-4AD8-B7B2-ABAD3C457181}
	EndGlobalSection
EndGlobal
